{
  "name": "ReactWeb",
  "lockfileVersion": 3,
  "requires": true,
  "packages": {
    "": {
      "dependencies": {
        "TagCloud": "^2.3.2"
      }
    },
    "node_modules/TagCloud": {
      "version": "2.3.2",
      "resolved": "https://registry.npmjs.org/TagCloud/-/TagCloud-2.3.2.tgz",
      "integrity": "sha512-WMnfCyRCjAejqTBHR3EVcA02nCOhoD1HEEU+KHS7m9Oj/t4IcOKTjklyOadTibeGRA4poK/rxwuO4g61qZvObA=="
    }
  }
}
